Microsoft Visual Studio Solution File, Format Version 12.00
# Visual Studio Version 17
VisualStudioVersion = 17.8.0.0
MinimumVisualStudioVersion = 17.8.0.0
Project("{9A19103F-16F7-4668-BE54-9A1E7A4F7556}") = "JokeSubs.AppHost", "JokeSubs.AppHost\JokeSubs.AppHost.csproj", "{6D79E198-08DD-424E-BBC9-167C3332AA73}"
EndProject
Project("{9A19103F-16F7-4668-BE54-9A1E7A4F7556}") = "JokeSubs.Server", "JokeSubs.Server\JokeSubs.Server.csproj", "{18DFDAE4-1F6E-479D-811E-73A73A1C7ED9}"
EndProject
Project("{54A90642-561A-4BB1-A94E-469ADEE60C69}") = "frontend", "frontend\frontend.esproj", "{CDB4A238-50DB-42BD-9E56-1C55275CA623}"
EndProject
Project("{9A19103F-16F7-4668-BE54-9A1E7A4F7556}") = "JokeSubs.AcceptanceTests", "JokeSubs.AcceptanceTests\JokeSubs.AcceptanceTests.csproj", "{7E8F9E1A-2B4C-4D6E-8F5A-3C2D1E0F9G8H}"
EndProject

Global
	GlobalSection(SolutionConfigurationPlatforms) = preSolution
		Debug|Any CPU = Debug|Any CPU
		Release|Any CPU = Release|Any CPU
	EndGlobalSection
	GlobalSection(ProjectConfigurationPlatforms) = postSolution
		{6D79E198-08DD-424E-BBC9-167C3332AA73}.Debug|Any CPU.ActiveCfg = Debug|Any CPU
		{6D79E198-08DD-424E-BBC9-167C3332AA73}.Debug|Any CPU.Build.0 = Debug|Any CPU
		{6D79E198-08DD-424E-BBC9-167C3332AA73}.Release|Any CPU.ActiveCfg = Release|Any CPU
		{6D79E198-08DD-424E-BBC9-167C3332AA73}.Release|Any CPU.Build.0 = Release|Any CPU
		{18DFDAE4-1F6E-479D-811E-73A73A1C7ED9}.Debug|Any CPU.ActiveCfg = Debug|Any CPU
		{18DFDAE4-1F6E-479D-811E-73A73A1C7ED9}.Debug|Any CPU.Build.0 = Debug|Any CPU
		{18DFDAE4-1F6E-479D-811E-73A73A1C7ED9}.Release|Any CPU.ActiveCfg = Release|Any CPU
		{18DFDAE4-1F6E-479D-811E-73A73A1C7ED9}.Release|Any CPU.Build.0 = Release|Any CPU
		{CDB4A238-50DB-42BD-9E56-1C55275CA623}.Debug|Any CPU.ActiveCfg = Debug|Any CPU
		{CDB4A238-50DB-42BD-9E56-1C55275CA623}.Debug|Any CPU.Build.0 = Debug|Any CPU
		{CDB4A238-50DB-42BD-9E56-1C55275CA623}.Release|Any CPU.ActiveCfg = Release|Any CPU
		{CDB4A238-50DB-42BD-9E56-1C55275CA623}.Release|Any CPU.Build.0 = Release|Any CPU
		{7E8F9E1A-2B4C-4D6E-8F5A-3C2D1E0F9G8H}.Debug|Any CPU.ActiveCfg = Debug|Any CPU
		{7E8F9E1A-2B4C-4D6E-8F5A-3C2D1E0F9G8H}.Debug|Any CPU.Build.0 = Debug|Any CPU
		{7E8F9E1A-2B4C-4D6E-8F5A-3C2D1E0F9G8H}.Release|Any CPU.ActiveCfg = Release|Any CPU
		{7E8F9E1A-2B4C-4D6E-8F5A-3C2D1E0F9G8H}.Release|Any CPU.Build.0 = Release|Any CPU

	EndGlobalSection
	GlobalSection(SolutionProperties) = preSolution
		HideSolutionNode = FALSE
	EndGlobalSection
	GlobalSection(ExtensibilityGlobals) = postSolution
		SolutionGuid = {9F7A5464-C57F-4B74-BCCF-F91BEB0342A2}
	EndGlobalSection
EndGlobal
